
Microsoft Visual Studio Solution File, Format Version 12.00
# Visual Studio Version 17
VisualStudioVersion = 17.6.33717.318
MinimumVisualStudioVersion = 10.0.40219.1
Project("{FAE04EC0-301F-11D3-BF4B-00C04F79EFBC}") = "intro", "intro\intro.csproj", "{395CE0C1-7795-4DF4-8FC4-05131DA3F135}"
EndProject
Global
	GlobalSection(SolutionConfigurationPlatforms) = preSolution
		Debug|Any CPU = Debug|Any CPU
		Release|Any CPU = Release|Any CPU
	EndGlobalSection
	GlobalSection(ProjectConfigurationPlatforms) = postSolution
		{395CE0C1-7795-4DF4-8FC4-05131DA3F135}.Debug|Any CPU.ActiveCfg = Debug|Any CPU
		{395CE0C1-7795-4DF4-8FC4-05131DA3F135}.Debug|Any CPU.Build.0 = Debug|Any CPU
		{395CE0C1-7795-4DF4-8FC4-05131DA3F135}.Release|Any CPU.ActiveCfg = Release|Any CPU
		{395CE0C1-7795-4DF4-8FC4-05131DA3F135}.Release|Any CPU.Build.0 = Release|Any CPU
	EndGlobalSection
	GlobalSection(SolutionProperties) = preSolution
		HideSolutionNode = FALSE
	EndGlobalSection
	GlobalSection(ExtensibilityGlobals) = postSolution
		SolutionGuid = {B19CF68D-B0C5-48AF-8FD0-DE47ACE14D7F}
	EndGlobalSection
EndGlobal
